
Microsoft Visual Studio Solution File, Format Version 12.00
# Visual Studio Version 16
VisualStudioVersion = 16.0.809.7
MinimumVisualStudioVersion = 10.0.40219.1
Project("{FAE04EC0-301F-11D3-BF4B-00C04F79EFBC}") = "feature_flags", "feature_flags.csproj", "{D1240363-41A8-44C9-8C05-B0CCF718A7D5}"
EndProject
Global
	GlobalSection(SolutionConfigurationPlatforms) = preSolution
		Debug|Any CPU = Debug|Any CPU
		Release|Any CPU = Release|Any CPU
	EndGlobalSection
	GlobalSection(ProjectConfigurationPlatforms) = postSolution
		{D1240363-41A8-44C9-8C05-B0CCF718A7D5}.Debug|Any CPU.ActiveCfg = Debug|Any CPU
		{D1240363-41A8-44C9-8C05-B0CCF718A7D5}.Debug|Any CPU.Build.0 = Debug|Any CPU
		{D1240363-41A8-44C9-8C05-B0CCF718A7D5}.Release|Any CPU.ActiveCfg = Release|Any CPU
		{D1240363-41A8-44C9-8C05-B0CCF718A7D5}.Release|Any CPU.Build.0 = Release|Any CPU
	EndGlobalSection
	GlobalSection(SolutionProperties) = preSolution
		HideSolutionNode = FALSE
	EndGlobalSection
	GlobalSection(ExtensibilityGlobals) = postSolution
		SolutionGuid = {A1198425-32CB-42B5-9F38-B53F73261123}
	EndGlobalSection
EndGlobal
